
Microsoft Visual Studio Solution File, Format Version 12.00
# Visual Studio Version 17
VisualStudioVersion = 17.14.36811.4 d17.14
MinimumVisualStudioVersion = 10.0.40219.1
Project("{FAE04EC0-301F-11D3-BF4B-00C04F79EFBC}") = "BlobProcessor.Function", "BlobProcessor.Function\BlobProcessor.Function.csproj", "{4553C57E-D4BC-C4A2-5402-2D9DC05CB243}"
EndProject
Global
	GlobalSection(SolutionConfigurationPlatforms) = preSolution
		Debug|Any CPU = Debug|Any CPU
		Release|Any CPU = Release|Any CPU
	EndGlobalSection
	GlobalSection(ProjectConfigurationPlatforms) = postSolution
		{4553C57E-D4BC-C4A2-5402-2D9DC05CB243}.Debug|Any CPU.ActiveCfg = Debug|Any CPU
		{4553C57E-D4BC-C4A2-5402-2D9DC05CB243}.Debug|Any CPU.Build.0 = Debug|Any CPU
		{4553C57E-D4BC-C4A2-5402-2D9DC05CB243}.Release|Any CPU.ActiveCfg = Release|Any CPU
		{4553C57E-D4BC-C4A2-5402-2D9DC05CB243}.Release|Any CPU.Build.0 = Release|Any CPU
	EndGlobalSection
	GlobalSection(SolutionProperties) = preSolution
		HideSolutionNode = FALSE
	EndGlobalSection
	GlobalSection(ExtensibilityGlobals) = postSolution
		SolutionGuid = {E3FD7BF0-0A55-4DA5-AF5F-5C3B90828433}
	EndGlobalSection
EndGlobal
